
Microsoft Visual Studio Solution File, Format Version 12.00
# Visual Studio Version 16
VisualStudioVersion = 16.0.30011.22
MinimumVisualStudioVersion = 10.0.40219.1
Project("{9A19103F-16F7-4668-BE54-9A1E7A4F7556}") = "EQuanLyNhanSu.Data", "EQuanLyNhanSu.Data\EQuanLyNhanSu.Data.csproj", "{1439D0D5-CB0B-4774-933D-A3E76A4DA1ED}"
EndProject
Project("{9A19103F-16F7-4668-BE54-9A1E7A4F7556}") = "EQuanLyNhanSu.Application", "EQuanLyNhanSu.Application\EQuanLyNhanSu.Application.csproj", "{482A89CA-B1A5-4488-B23E-D8D61D8636E5}"
EndProject
Project("{9A19103F-16F7-4668-BE54-9A1E7A4F7556}") = "EQuanLyNhanSu.WebApp", "EQuanLyNhanSu.WebApp\EQuanLyNhanSu.WebApp.csproj", "{75F81C33-5699-4E4D-B28F-68A2D7C606B6}"
EndProject
Project("{9A19103F-16F7-4668-BE54-9A1E7A4F7556}") = "EQuanLyNhanSu.Untilities", "EQuanLyNhanSu.Untilities\EQuanLyNhanSu.Untilities.csproj", "{4995FABF-025F-4BB6-A456-6A913969734E}"
EndProject
Project("{9A19103F-16F7-4668-BE54-9A1E7A4F7556}") = "EQuanLyNhanSu.ViewModel", "EQuanLyNhanSu.ViewModel\EQuanLyNhanSu.ViewModel.csproj", "{85DF6F81-DDE0-45DF-89AF-7C93D4F5B66F}"
EndProject
Project("{9A19103F-16F7-4668-BE54-9A1E7A4F7556}") = "EQuanLyNhanSu.BackendApi", "EQuanLyNhanSu.BackendApi\EQuanLyNhanSu.BackendApi.csproj", "{2D34E400-148D-43AC-A401-332A37EF3A2B}"
EndProject
Project("{2150E333-8FDC-42A3-9474-1A3956D46DE8}") = "Infrastructure", "Infrastructure", "{90AF8597-A95E-4F36-893D-7DAC5F116924}"
EndProject
Project("{2150E333-8FDC-42A3-9474-1A3956D46DE8}") = "Domain", "Domain", "{6DE927C6-F205-4F3C-8C9A-88820783710A}"
EndProject
Project("{2150E333-8FDC-42A3-9474-1A3956D46DE8}") = "Host", "Host", "{A87B184D-8B41-451B-AA74-C0F621EC2524}"
EndProject
Global
	GlobalSection(SolutionConfigurationPlatforms) = preSolution
		Debug|Any CPU = Debug|Any CPU
		Release|Any CPU = Release|Any CPU
	EndGlobalSection
	GlobalSection(ProjectConfigurationPlatforms) = postSolution
		{1439D0D5-CB0B-4774-933D-A3E76A4DA1ED}.Debug|Any CPU.ActiveCfg = Debug|Any CPU
		{1439D0D5-CB0B-4774-933D-A3E76A4DA1ED}.Debug|Any CPU.Build.0 = Debug|Any CPU
		{1439D0D5-CB0B-4774-933D-A3E76A4DA1ED}.Release|Any CPU.ActiveCfg = Release|Any CPU
		{1439D0D5-CB0B-4774-933D-A3E76A4DA1ED}.Release|Any CPU.Build.0 = Release|Any CPU
		{482A89CA-B1A5-4488-B23E-D8D61D8636E5}.Debug|Any CPU.ActiveCfg = Debug|Any CPU
		{482A89CA-B1A5-4488-B23E-D8D61D8636E5}.Debug|Any CPU.Build.0 = Debug|Any CPU
		{482A89CA-B1A5-4488-B23E-D8D61D8636E5}.Release|Any CPU.ActiveCfg = Release|Any CPU
		{482A89CA-B1A5-4488-B23E-D8D61D8636E5}.Release|Any CPU.Build.0 = Release|Any CPU
		{75F81C33-5699-4E4D-B28F-68A2D7C606B6}.Debug|Any CPU.ActiveCfg = Debug|Any CPU
		{75F81C33-5699-4E4D-B28F-68A2D7C606B6}.Debug|Any CPU.Build.0 = Debug|Any CPU
		{75F81C33-5699-4E4D-B28F-68A2D7C606B6}.Release|Any CPU.ActiveCfg = Release|Any CPU
		{75F81C33-5699-4E4D-B28F-68A2D7C606B6}.Release|Any CPU.Build.0 = Release|Any CPU
		{4995FABF-025F-4BB6-A456-6A913969734E}.Debug|Any CPU.ActiveCfg = Debug|Any CPU
		{4995FABF-025F-4BB6-A456-6A913969734E}.Debug|Any CPU.Build.0 = Debug|Any CPU
		{4995FABF-025F-4BB6-A456-6A913969734E}.Release|Any CPU.ActiveCfg = Release|Any CPU
		{4995FABF-025F-4BB6-A456-6A913969734E}.Release|Any CPU.Build.0 = Release|Any CPU
		{85DF6F81-DDE0-45DF-89AF-7C93D4F5B66F}.Debug|Any CPU.ActiveCfg = Debug|Any CPU
		{85DF6F81-DDE0-45DF-89AF-7C93D4F5B66F}.Debug|Any CPU.Build.0 = Debug|Any CPU
		{85DF6F81-DDE0-45DF-89AF-7C93D4F5B66F}.Release|Any CPU.ActiveCfg = Release|Any CPU
		{85DF6F81-DDE0-45DF-89AF-7C93D4F5B66F}.Release|Any CPU.Build.0 = Release|Any CPU
		{2D34E400-148D-43AC-A401-332A37EF3A2B}.Debug|Any CPU.ActiveCfg = Debug|Any CPU
		{2D34E400-148D-43AC-A401-332A37EF3A2B}.Debug|Any CPU.Build.0 = Debug|Any CPU
		{2D34E400-148D-43AC-A401-332A37EF3A2B}.Release|Any CPU.ActiveCfg = Release|Any CPU
		{2D34E400-148D-43AC-A401-332A37EF3A2B}.Release|Any CPU.Build.0 = Release|Any CPU
	EndGlobalSection
	GlobalSection(SolutionProperties) = preSolution
		HideSolutionNode = FALSE
	EndGlobalSection
	GlobalSection(NestedProjects) = preSolution
		{1439D0D5-CB0B-4774-933D-A3E76A4DA1ED} = {6DE927C6-F205-4F3C-8C9A-88820783710A}
		{482A89CA-B1A5-4488-B23E-D8D61D8636E5} = {6DE927C6-F205-4F3C-8C9A-88820783710A}
		{75F81C33-5699-4E4D-B28F-68A2D7C606B6} = {A87B184D-8B41-451B-AA74-C0F621EC2524}
		{4995FABF-025F-4BB6-A456-6A913969734E} = {90AF8597-A95E-4F36-893D-7DAC5F116924}
		{85DF6F81-DDE0-45DF-89AF-7C93D4F5B66F} = {90AF8597-A95E-4F36-893D-7DAC5F116924}
		{2D34E400-148D-43AC-A401-332A37EF3A2B} = {A87B184D-8B41-451B-AA74-C0F621EC2524}
	EndGlobalSection
	GlobalSection(ExtensibilityGlobals) = postSolution
		SolutionGuid = {98494A4C-9459-47AA-BD50-AC3153D5A8D0}
	EndGlobalSection
EndGlobal
